// !$*UTF8*$!
{
	archiveVersion = 1;
	classes = {
	};
	objectVersion = 45;
	objects = {

/* Begin PBXBuildFile section */
		1D3623260D0F684500981E51 /* ___PROJECTNAMEASIDENTIFIER___AppDelegate.m in Sources */ = {isa = PBXBuildFile; fileRef = 1D3623250D0F684500981E51 /* ___PROJECTNAMEASIDENTIFIER___AppDelegate.m */; };
		1D60589B0D05DD56006BFB54 /* main.m in Sources */ = {isa = PBXBuildFile; fileRef = 29B97316FDCFA39411CA2CEA /* main.m */; };
		1D60589F0D05DD5A006BFB54 /* Foundation.framework in Frameworks */ = {isa = PBXBuildFile; fileRef = 1D30AB110D05D00D00671497 /* Foundation.framework */; };
		1DF5F4E00D08C38300B7A737 /* UIKit.framework in Frameworks */ = {isa = PBXBuildFile; fileRef = 1DF5F4DF0D08C38300B7A737 /* UIKit.framework */; };
		288765FD0DF74451002DB57D /* CoreGraphics.framework in Frameworks */ = {isa = PBXBuildFile; fileRef = 288765FC0DF74451002DB57D /* CoreGraphics.framework */; };
		4B6967E70EF8827E005376DB /* chipmunk-docs.html in Resources */ = {isa = PBXBuildFile; fileRef = 4B6967BA0EF8827E005376DB /* chipmunk-docs.html */; };
		4B6967F30EF8827E005376DB /* LICENSE.txt in Resources */ = {isa = PBXBuildFile; fileRef = 4B6967C80EF8827E005376DB /* LICENSE.txt */; };
		4B6967F40EF8827E005376DB /* README.txt in Resources */ = {isa = PBXBuildFile; fileRef = 4B6967C90EF8827E005376DB /* README.txt */; };
		4B6967F50EF8827E005376DB /* chipmunk.c in Sources */ = {isa = PBXBuildFile; fileRef = 4B6967CB0EF8827E005376DB /* chipmunk.c */; };
		4B6967F60EF8827E005376DB /* CMakeLists.txt in Resources */ = {isa = PBXBuildFile; fileRef = 4B6967CD0EF8827E005376DB /* CMakeLists.txt */; };
		4B6967F70EF8827E005376DB /* cpArbiter.c in Sources */ = {isa = PBXBuildFile; fileRef = 4B6967CE0EF8827E005376DB /* cpArbiter.c */; };
		4B6967F80EF8827E005376DB /* cpArray.c in Sources */ = {isa = PBXBuildFile; fileRef = 4B6967D00EF8827E005376DB /* cpArray.c */; };
		4B6967F90EF8827E005376DB /* cpBB.c in Sources */ = {isa = PBXBuildFile; fileRef = 4B6967D20EF8827E005376DB /* cpBB.c */; };
		4B6967FA0EF8827E005376DB /* cpBody.c in Sources */ = {isa = PBXBuildFile; fileRef = 4B6967D40EF8827E005376DB /* cpBody.c */; };
		4B6967FB0EF8827E005376DB /* cpCollision.c in Sources */ = {isa = PBXBuildFile; fileRef = 4B6967D60EF8827E005376DB /* cpCollision.c */; };
		4B6967FC0EF8827E005376DB /* cpHashSet.c in Sources */ = {isa = PBXBuildFile; fileRef = 4B6967D80EF8827E005376DB /* cpHashSet.c */; };
		4B6967FD0EF8827E005376DB /* cpJoint.c in Sources */ = {isa = PBXBuildFile; fileRef = 4B6967DA0EF8827E005376DB /* cpJoint.c */; };
		4B6967FE0EF8827E005376DB /* cpPolyShape.c in Sources */ = {isa = PBXBuildFile; fileRef = 4B6967DC0EF8827E005376DB /* cpPolyShape.c */; };
		4B6967FF0EF8827E005376DB /* cpShape.c in Sources */ = {isa = PBXBuildFile; fileRef = 4B6967DE0EF8827E005376DB /* cpShape.c */; };
		4B6968000EF8827E005376DB /* cpSpace.c in Sources */ = {isa = PBXBuildFile; fileRef = 4B6967E00EF8827E005376DB /* cpSpace.c */; };
		4B6968010EF8827E005376DB /* cpSpaceHash.c in Sources */ = {isa = PBXBuildFile; fileRef = 4B6967E20EF8827E005376DB /* cpSpaceHash.c */; };
		4B6968020EF8827E005376DB /* cpVect.c in Sources */ = {isa = PBXBuildFile; fileRef = 4B6967E40EF8827E005376DB /* cpVect.c */; };
		4B69681C0EF88577005376DB /* fps_images.png in Resources */ = {isa = PBXBuildFile; fileRef = 4B69681B0EF88577005376DB /* fps_images.png */; };
		4B6968670EF88644005376DB /* Action.m in Sources */ = {isa = PBXBuildFile; fileRef = 4B69682B0EF88643005376DB /* Action.m */; };
		4B6968680EF88644005376DB /* AtlasNode.m in Sources */ = {isa = PBXBuildFile; fileRef = 4B69682D0EF88643005376DB /* AtlasNode.m */; };
		4B6968690EF88644005376DB /* Camera.m in Sources */ = {isa = PBXBuildFile; fileRef = 4B69682F0EF88643005376DB /* Camera.m */; };
		4B69686A0EF88644005376DB /* CameraAction.m in Sources */ = {isa = PBXBuildFile; fileRef = 4B6968310EF88644005376DB /* CameraAction.m */; };
		4B69686B0EF88644005376DB /* cocos2d.m in Sources */ = {isa = PBXBuildFile; fileRef = 4B6968330EF88644005376DB /* cocos2d.m */; };
		4B69686C0EF88644005376DB /* CocosNode.m in Sources */ = {isa = PBXBuildFile; fileRef = 4B6968350EF88644005376DB /* CocosNode.m */; };
		4B69686D0EF88644005376DB /* Director.m in Sources */ = {isa = PBXBuildFile; fileRef = 4B6968370EF88644005376DB /* Director.m */; };
		4B69686E0EF88644005376DB /* InstantAction.m in Sources */ = {isa = PBXBuildFile; fileRef = 4B6968390EF88644005376DB /* InstantAction.m */; };
		4B69686F0EF88644005376DB /* IntervalAction.m in Sources */ = {isa = PBXBuildFile; fileRef = 4B69683B0EF88644005376DB /* IntervalAction.m */; };
		4B6968700EF88644005376DB /* Label.m in Sources */ = {isa = PBXBuildFile; fileRef = 4B69683D0EF88644005376DB /* Label.m */; };
		4B6968710EF88644005376DB /* LabelAtlas.m in Sources */ = {isa = PBXBuildFile; fileRef = 4B69683F0EF88644005376DB /* LabelAtlas.m */; };
		4B6968720EF88644005376DB /* Layer.m in Sources */ = {isa = PBXBuildFile; fileRef = 4B6968410EF88644005376DB /* Layer.m */; };
		4B6968730EF88644005376DB /* Menu.m in Sources */ = {isa = PBXBuildFile; fileRef = 4B6968430EF88644005376DB /* Menu.m */; };
		4B6968740EF88644005376DB /* MenuItem.m in Sources */ = {isa = PBXBuildFile; fileRef = 4B6968450EF88644005376DB /* MenuItem.m */; };
		4B6968750EF88644005376DB /* Particle.m in Sources */ = {isa = PBXBuildFile; fileRef = 4B6968470EF88644005376DB /* Particle.m */; };
		4B6968760EF88644005376DB /* ParticleSystems.m in Sources */ = {isa = PBXBuildFile; fileRef = 4B6968490EF88644005376DB /* ParticleSystems.m */; };
		4B6968770EF88644005376DB /* Primitives.m in Sources */ = {isa = PBXBuildFile; fileRef = 4B69684B0EF88644005376DB /* Primitives.m */; };
		4B6968780EF88644005376DB /* Scene.m in Sources */ = {isa = PBXBuildFile; fileRef = 4B69684D0EF88644005376DB /* Scene.m */; };
		4B6968790EF88644005376DB /* Scheduler.m in Sources */ = {isa = PBXBuildFile; fileRef = 4B69684F0EF88644005376DB /* Scheduler.m */; };
		4B69687A0EF88644005376DB /* Sprite.m in Sources */ = {isa = PBXBuildFile; fileRef = 4B6968510EF88644005376DB /* Sprite.m */; };
		4B69687B0EF88644005376DB /* EAGLView.m in Sources */ = {isa = PBXBuildFile; fileRef = 4B6968540EF88644005376DB /* EAGLView.m */; };
		4B69687C0EF88644005376DB /* glu.c in Sources */ = {isa = PBXBuildFile; fileRef = 4B6968550EF88644005376DB /* glu.c */; };
		4B69687D0EF88644005376DB /* Texture2D.m in Sources */ = {isa = PBXBuildFile; fileRef = 4B6968590EF88644005376DB /* Texture2D.m */; };
		4B69687E0EF88644005376DB /* TGAlib.c in Sources */ = {isa = PBXBuildFile; fileRef = 4B69685A0EF88644005376DB /* TGAlib.c */; };
		4B69687F0EF88644005376DB /* TextureAtlas.m in Sources */ = {isa = PBXBuildFile; fileRef = 4B69685D0EF88644005376DB /* TextureAtlas.m */; };
		4B6968800EF88644005376DB /* TextureMgr.m in Sources */ = {isa = PBXBuildFile; fileRef = 4B69685F0EF88644005376DB /* TextureMgr.m */; };
		4B6968810EF88644005376DB /* TextureNode.m in Sources */ = {isa = PBXBuildFile; fileRef = 4B6968610EF88644005376DB /* TextureNode.m */; };
		4B6968820EF88644005376DB /* TileMapAtlas.m in Sources */ = {isa = PBXBuildFile; fileRef = 4B6968630EF88644005376DB /* TileMapAtlas.m */; };
		4B6968830EF88644005376DB /* Transition.m in Sources */ = {isa = PBXBuildFile; fileRef = 4B6968650EF88644005376DB /* Transition.m */; };
		4B6969060EF88BE9005376DB /* OpenGLES.framework in Frameworks */ = {isa = PBXBuildFile; fileRef = 4B6969050EF88BE9005376DB /* OpenGLES.framework */; };
		4B69690A0EF88BF0005376DB /* QuartzCore.framework in Frameworks */ = {isa = PBXBuildFile; fileRef = 4B6969090EF88BF0005376DB /* QuartzCore.framework */; };
/* End PBXBuildFile section */

/* Begin PBXFileReference section */
		1D30AB110D05D00D00671497 /* Foundation.framework */ = {isa = PBXFileReference; lastKnownFileType = wrapper.framework; name = Foundation.framework; path = System/Library/Frameworks/Foundation.framework; sourceTree = SDKROOT; };
		1D3623240D0F684500981E51 /* ___PROJECTNAMEASIDENTIFIER___AppDelegate.h */ = {isa = PBXFileReference; fileEncoding = 4; lastKnownFileType = sourcecode.c.h; path = ___PROJECTNAMEASIDENTIFIER___AppDelegate.h; sourceTree = "<group>"; };
		1D3623250D0F684500981E51 /* ___PROJECTNAMEASIDENTIFIER___AppDelegate.m */ = {isa = PBXFileReference; fileEncoding = 4; lastKnownFileType = sourcecode.c.objc; path = ___PROJECTNAMEASIDENTIFIER___AppDelegate.m; sourceTree = "<group>"; };
		1D6058910D05DD3D006BFB54 /* ___PROJECTNAMEASIDENTIFIER___.app */ = {isa = PBXFileReference; explicitFileType = wrapper.application; includeInIndex = 0; path = ___PROJECTNAMEASIDENTIFIER___.app; sourceTree = BUILT_PRODUCTS_DIR; };
		1DF5F4DF0D08C38300B7A737 /* UIKit.framework */ = {isa = PBXFileReference; lastKnownFileType = wrapper.framework; name = UIKit.framework; path = System/Library/Frameworks/UIKit.framework; sourceTree = SDKROOT; };
		288765FC0DF74451002DB57D /* CoreGraphics.framework */ = {isa = PBXFileReference; lastKnownFileType = wrapper.framework; name = CoreGraphics.framework; path = System/Library/Frameworks/CoreGraphics.framework; sourceTree = SDKROOT; };
		29B97316FDCFA39411CA2CEA /* main.m */ = {isa = PBXFileReference; fileEncoding = 4; lastKnownFileType = sourcecode.c.objc; path = main.m; sourceTree = "<group>"; };
		32CA4F630368D1EE00C91783 /* ___PROJECTNAMEASIDENTIFIER____Prefix.pch */ = {isa = PBXFileReference; fileEncoding = 4; lastKnownFileType = sourcecode.c.h; path = ___PROJECTNAMEASIDENTIFIER____Prefix.pch; sourceTree = "<group>"; };
		4B6967BA0EF8827E005376DB /* chipmunk-docs.html */ = {isa = PBXFileReference; fileEncoding = 4; lastKnownFileType = text.html; path = "chipmunk-docs.html"; sourceTree = "<group>"; };
		4B6967BB0EF8827E005376DB /* CMakeLists.txt */ = {isa = PBXFileReference; fileEncoding = 4; lastKnownFileType = text; path = CMakeLists.txt; sourceTree = "<group>"; };
		4B6967C80EF8827E005376DB /* LICENSE.txt */ = {isa = PBXFileReference; fileEncoding = 4; lastKnownFileType = text; path = LICENSE.txt; sourceTree = "<group>"; };
		4B6967C90EF8827E005376DB /* README.txt */ = {isa = PBXFileReference; fileEncoding = 4; lastKnownFileType = text; path = README.txt; sourceTree = "<group>"; };
		4B6967CB0EF8827E005376DB /* chipmunk.c */ = {isa = PBXFileReference; fileEncoding = 4; lastKnownFileType = sourcecode.c.c; path = chipmunk.c; sourceTree = "<group>"; };
		4B6967CC0EF8827E005376DB /* chipmunk.h */ = {isa = PBXFileReference; fileEncoding = 4; lastKnownFileType = sourcecode.c.h; path = chipmunk.h; sourceTree = "<group>"; };
		4B6967CD0EF8827E005376DB /* CMakeLists.txt */ = {isa = PBXFileReference; fileEncoding = 4; lastKnownFileType = text; path = CMakeLists.txt; sourceTree = "<group>"; };
		4B6967CE0EF8827E005376DB /* cpArbiter.c */ = {isa = PBXFileReference; fileEncoding = 4; lastKnownFileType = sourcecode.c.c; path = cpArbiter.c; sourceTree = "<group>"; };
		4B6967CF0EF8827E005376DB /* cpArbiter.h */ = {isa = PBXFileReference; fileEncoding = 4; lastKnownFileType = sourcecode.c.h; path = cpArbiter.h; sourceTree = "<group>"; };
		4B6967D00EF8827E005376DB /* cpArray.c */ = {isa = PBXFileReference; fileEncoding = 4; lastKnownFileType = sourcecode.c.c; path = cpArray.c; sourceTree = "<group>"; };
		4B6967D10EF8827E005376DB /* cpArray.h */ = {isa = PBXFileReference; fileEncoding = 4; lastKnownFileType = sourcecode.c.h; path = cpArray.h; sourceTree = "<group>"; };
		4B6967D20EF8827E005376DB /* cpBB.c */ = {isa = PBXFileReference; fileEncoding = 4; lastKnownFileType = sourcecode.c.c; path = cpBB.c; sourceTree = "<group>"; };
		4B6967D30EF8827E005376DB /* cpBB.h */ = {isa = PBXFileReference; fileEncoding = 4; lastKnownFileType = sourcecode.c.h; path = cpBB.h; sourceTree = "<group>"; };
		4B6967D40EF8827E005376DB /* cpBody.c */ = {isa = PBXFileReference; fileEncoding = 4; lastKnownFileType = sourcecode.c.c; path = cpBody.c; sourceTree = "<group>"; };
		4B6967D50EF8827E005376DB /* cpBody.h */ = {isa = PBXFileReference; fileEncoding = 4; lastKnownFileType = sourcecode.c.h; path = cpBody.h; sourceTree = "<group>"; };
		4B6967D60EF8827E005376DB /* cpCollision.c */ = {isa = PBXFileReference; fileEncoding = 4; lastKnownFileType = sourcecode.c.c; path = cpCollision.c; sourceTree = "<group>"; };
		4B6967D70EF8827E005376DB /* cpCollision.h */ = {isa = PBXFileReference; fileEncoding = 4; lastKnownFileType = sourcecode.c.h; path = cpCollision.h; sourceTree = "<group>"; };
		4B6967D80EF8827E005376DB /* cpHashSet.c */ = {isa = PBXFileReference; fileEncoding = 4; lastKnownFileType = sourcecode.c.c; path = cpHashSet.c; sourceTree = "<group>"; };
		4B6967D90EF8827E005376DB /* cpHashSet.h */ = {isa = PBXFileReference; fileEncoding = 4; lastKnownFileType = sourcecode.c.h; path = cpHashSet.h; sourceTree = "<group>"; };
		4B6967DA0EF8827E005376DB /* cpJoint.c */ = {isa = PBXFileReference; fileEncoding = 4; lastKnownFileType = sourcecode.c.c; path = cpJoint.c; sourceTree = "<group>"; };
		4B6967DB0EF8827E005376DB /* cpJoint.h */ = {isa = PBXFileReference; fileEncoding = 4; lastKnownFileType = sourcecode.c.h; path = cpJoint.h; sourceTree = "<group>"; };
		4B6967DC0EF8827E005376DB /* cpPolyShape.c */ = {isa = PBXFileReference; fileEncoding = 4; lastKnownFileType = sourcecode.c.c; path = cpPolyShape.c; sourceTree = "<group>"; };
		4B6967DD0EF8827E005376DB /* cpPolyShape.h */ = {isa = PBXFileReference; fileEncoding = 4; lastKnownFileType = sourcecode.c.h; path = cpPolyShape.h; sourceTree = "<group>"; };
		4B6967DE0EF8827E005376DB /* cpShape.c */ = {isa = PBXFileReference; fileEncoding = 4; lastKnownFileType = sourcecode.c.c; path = cpShape.c; sourceTree = "<group>"; };
		4B6967DF0EF8827E005376DB /* cpShape.h */ = {isa = PBXFileReference; fileEncoding = 4; lastKnownFileType = sourcecode.c.h; path = cpShape.h; sourceTree = "<group>"; };
		4B6967E00EF8827E005376DB /* cpSpace.c */ = {isa = PBXFileReference; fileEncoding = 4; lastKnownFileType = sourcecode.c.c; path = cpSpace.c; sourceTree = "<group>"; };
		4B6967E10EF8827E005376DB /* cpSpace.h */ = {isa = PBXFileReference; fileEncoding = 4; lastKnownFileType = sourcecode.c.h; path = cpSpace.h; sourceTree = "<group>"; };
		4B6967E20EF8827E005376DB /* cpSpaceHash.c */ = {isa = PBXFileReference; fileEncoding = 4; lastKnownFileType = sourcecode.c.c; path = cpSpaceHash.c; sourceTree = "<group>"; };
		4B6967E30EF8827E005376DB /* cpSpaceHash.h */ = {isa = PBXFileReference; fileEncoding = 4; lastKnownFileType = sourcecode.c.h; path = cpSpaceHash.h; sourceTree = "<group>"; };
		4B6967E40EF8827E005376DB /* cpVect.c */ = {isa = PBXFileReference; fileEncoding = 4; lastKnownFileType = sourcecode.c.c; path = cpVect.c; sourceTree = "<group>"; };
		4B6967E50EF8827E005376DB /* cpVect.h */ = {isa = PBXFileReference; fileEncoding = 4; lastKnownFileType = sourcecode.c.h; path = cpVect.h; sourceTree = "<group>"; };
		4B6967E60EF8827E005376DB /* prime.h */ = {isa = PBXFileReference; fileEncoding = 4; lastKnownFileType = sourcecode.c.h; path = prime.h; sourceTree = "<group>"; };
		4B69681B0EF88577005376DB /* fps_images.png */ = {isa = PBXFileReference; lastKnownFileType = image.png; path = fps_images.png; sourceTree = "<group>"; };
		4B69682A0EF88643005376DB /* Action.h */ = {isa = PBXFileReference; fileEncoding = 4; lastKnownFileType = sourcecode.c.h; path = Action.h; sourceTree = "<group>"; };
		4B69682B0EF88643005376DB /* Action.m */ = {isa = PBXFileReference; fileEncoding = 4; lastKnownFileType = sourcecode.c.objc; path = Action.m; sourceTree = "<group>"; };
		4B69682C0EF88643005376DB /* AtlasNode.h */ = {isa = PBXFileReference; fileEncoding = 4; lastKnownFileType = sourcecode.c.h; path = AtlasNode.h; sourceTree = "<group>"; };
		4B69682D0EF88643005376DB /* AtlasNode.m */ = {isa = PBXFileReference; fileEncoding = 4; lastKnownFileType = sourcecode.c.objc; path = AtlasNode.m; sourceTree = "<group>"; };
		4B69682E0EF88643005376DB /* Camera.h */ = {isa = PBXFileReference; fileEncoding = 4; lastKnownFileType = sourcecode.c.h; path = Camera.h; sourceTree = "<group>"; };
		4B69682F0EF88643005376DB /* Camera.m */ = {isa = PBXFileReference; fileEncoding = 4; lastKnownFileType = sourcecode.c.objc; path = Camera.m; sourceTree = "<group>"; };
		4B6968300EF88643005376DB /* CameraAction.h */ = {isa = PBXFileReference; fileEncoding = 4; lastKnownFileType = sourcecode.c.h; path = CameraAction.h; sourceTree = "<group>"; };
		4B6968310EF88644005376DB /* CameraAction.m */ = {isa = PBXFileReference; fileEncoding = 4; lastKnownFileType = sourcecode.c.objc; path = CameraAction.m; sourceTree = "<group>"; };
		4B6968320EF88644005376DB /* cocos2d.h */ = {isa = PBXFileReference; fileEncoding = 4; lastKnownFileType = sourcecode.c.h; path = cocos2d.h; sourceTree = "<group>"; };
		4B6968330EF88644005376DB /* cocos2d.m */ = {isa = PBXFileReference; fileEncoding = 4; lastKnownFileType = sourcecode.c.objc; path = cocos2d.m; sourceTree = "<group>"; };
		4B6968340EF88644005376DB /* CocosNode.h */ = {isa = PBXFileReference; fileEncoding = 4; lastKnownFileType = sourcecode.c.h; path = CocosNode.h; sourceTree = "<group>"; };
		4B6968350EF88644005376DB /* CocosNode.m */ = {isa = PBXFileReference; fileEncoding = 4; lastKnownFileType = sourcecode.c.objc; path = CocosNode.m; sourceTree = "<group>"; };
		4B6968360EF88644005376DB /* Director.h */ = {isa = PBXFileReference; fileEncoding = 4; lastKnownFileType = sourcecode.c.h; path = Director.h; sourceTree = "<group>"; };
		4B6968370EF88644005376DB /* Director.m */ = {isa = PBXFileReference; fileEncoding = 4; lastKnownFileType = sourcecode.c.objc; path = Director.m; sourceTree = "<group>"; };
		4B6968380EF88644005376DB /* InstantAction.h */ = {isa = PBXFileReference; fileEncoding = 4; lastKnownFileType = sourcecode.c.h; path = InstantAction.h; sourceTree = "<group>"; };
		4B6968390EF88644005376DB /* InstantAction.m */ = {isa = PBXFileReference; fileEncoding = 4; lastKnownFileType = sourcecode.c.objc; path = InstantAction.m; sourceTree = "<group>"; };
		4B69683A0EF88644005376DB /* IntervalAction.h */ = {isa = PBXFileReference; fileEncoding = 4; lastKnownFileType = sourcecode.c.h; path = IntervalAction.h; sourceTree = "<group>"; };
		4B69683B0EF88644005376DB /* IntervalAction.m */ = {isa = PBXFileReference; fileEncoding = 4; lastKnownFileType = sourcecode.c.objc; path = IntervalAction.m; sourceTree = "<group>"; };
		4B69683C0EF88644005376DB /* Label.h */ = {isa = PBXFileReference; fileEncoding = 4; lastKnownFileType = sourcecode.c.h; path = Label.h; sourceTree = "<group>"; };
		4B69683D0EF88644005376DB /* Label.m */ = {isa = PBXFileReference; fileEncoding = 4; lastKnownFileType = sourcecode.c.objc; path = Label.m; sourceTree = "<group>"; };
		4B69683E0EF88644005376DB /* LabelAtlas.h */ = {isa = PBXFileReference; fileEncoding = 4; lastKnownFileType = sourcecode.c.h; path = LabelAtlas.h; sourceTree = "<group>"; };
		4B69683F0EF88644005376DB /* LabelAtlas.m */ = {isa = PBXFileReference; fileEncoding = 4; lastKnownFileType = sourcecode.c.objc; path = LabelAtlas.m; sourceTree = "<group>"; };
		4B6968400EF88644005376DB /* Layer.h */ = {isa = PBXFileReference; fileEncoding = 4; lastKnownFileType = sourcecode.c.h; path = Layer.h; sourceTree = "<group>"; };
		4B6968410EF88644005376DB /* Layer.m */ = {isa = PBXFileReference; fileEncoding = 4; lastKnownFileType = sourcecode.c.objc; path = Layer.m; sourceTree = "<group>"; };
		4B6968420EF88644005376DB /* Menu.h */ = {isa = PBXFileReference; fileEncoding = 4; lastKnownFileType = sourcecode.c.h; path = Menu.h; sourceTree = "<group>"; };
		4B6968430EF88644005376DB /* Menu.m */ = {isa = PBXFileReference; fileEncoding = 4; lastKnownFileType = sourcecode.c.objc; path = Menu.m; sourceTree = "<group>"; };
		4B6968440EF88644005376DB /* MenuItem.h */ = {isa = PBXFileReference; fileEncoding = 4; lastKnownFileType = sourcecode.c.h; path = MenuItem.h; sourceTree = "<group>"; };
		4B6968450EF88644005376DB /* MenuItem.m */ = {isa = PBXFileReference; fileEncoding = 4; lastKnownFileType = sourcecode.c.objc; path = MenuItem.m; sourceTree = "<group>"; };
		4B6968460EF88644005376DB /* Particle.h */ = {isa = PBXFileReference; fileEncoding = 4; lastKnownFileType = sourcecode.c.h; path = Particle.h; sourceTree = "<group>"; };
		4B6968470EF88644005376DB /* Particle.m */ = {isa = PBXFileReference; fileEncoding = 4; lastKnownFileType = sourcecode.c.objc; path = Particle.m; sourceTree = "<group>"; };
		4B6968480EF88644005376DB /* ParticleSystems.h */ = {isa = PBXFileReference; fileEncoding = 4; lastKnownFileType = sourcecode.c.h; path = ParticleSystems.h; sourceTree = "<group>"; };
		4B6968490EF88644005376DB /* ParticleSystems.m */ = {isa = PBXFileReference; fileEncoding = 4; lastKnownFileType = sourcecode.c.objc; path = ParticleSystems.m; sourceTree = "<group>"; };
		4B69684A0EF88644005376DB /* Primitives.h */ = {isa = PBXFileReference; fileEncoding = 4; lastKnownFileType = sourcecode.c.h; path = Primitives.h; sourceTree = "<group>"; };
		4B69684B0EF88644005376DB /* Primitives.m */ = {isa = PBXFileReference; fileEncoding = 4; lastKnownFileType = sourcecode.c.objc; path = Primitives.m; sourceTree = "<group>"; };
		4B69684C0EF88644005376DB /* Scene.h */ = {isa = PBXFileReference; fileEncoding = 4; lastKnownFileType = sourcecode.c.h; path = Scene.h; sourceTree = "<group>"; };
		4B69684D0EF88644005376DB /* Scene.m */ = {isa = PBXFileReference; fileEncoding = 4; lastKnownFileType = sourcecode.c.objc; path = Scene.m; sourceTree = "<group>"; };
		4B69684E0EF88644005376DB /* Scheduler.h */ = {isa = PBXFileReference; fileEncoding = 4; lastKnownFileType = sourcecode.c.h; path = Scheduler.h; sourceTree = "<group>"; };
		4B69684F0EF88644005376DB /* Scheduler.m */ = {isa = PBXFileReference; fileEncoding = 4; lastKnownFileType = sourcecode.c.objc; path = Scheduler.m; sourceTree = "<group>"; };
		4B6968500EF88644005376DB /* Sprite.h */ = {isa = PBXFileReference; fileEncoding = 4; lastKnownFileType = sourcecode.c.h; path = Sprite.h; sourceTree = "<group>"; };
		4B6968510EF88644005376DB /* Sprite.m */ = {isa = PBXFileReference; fileEncoding = 4; lastKnownFileType = sourcecode.c.objc; path = Sprite.m; sourceTree = "<group>"; };
		4B6968530EF88644005376DB /* EAGLView.h */ = {isa = PBXFileReference; fileEncoding = 4; lastKnownFileType = sourcecode.c.h; path = EAGLView.h; sourceTree = "<group>"; };
		4B6968540EF88644005376DB /* EAGLView.m */ = {isa = PBXFileReference; fileEncoding = 4; lastKnownFileType = sourcecode.c.objc; path = EAGLView.m; sourceTree = "<group>"; };
		4B6968550EF88644005376DB /* glu.c */ = {isa = PBXFileReference; fileEncoding = 4; lastKnownFileType = sourcecode.c.c; path = glu.c; sourceTree = "<group>"; };
		4B6968560EF88644005376DB /* glu.h */ = {isa = PBXFileReference; fileEncoding = 4; lastKnownFileType = sourcecode.c.h; path = glu.h; sourceTree = "<group>"; };
		4B6968570EF88644005376DB /* OpenGL_Internal.h */ = {isa = PBXFileReference; fileEncoding = 4; lastKnownFileType = sourcecode.c.h; path = OpenGL_Internal.h; sourceTree = "<group>"; };
		4B6968580EF88644005376DB /* Texture2D.h */ = {isa = PBXFileReference; fileEncoding = 4; lastKnownFileType = sourcecode.c.h; path = Texture2D.h; sourceTree = "<group>"; };
		4B6968590EF88644005376DB /* Texture2D.m */ = {isa = PBXFileReference; fileEncoding = 4; lastKnownFileType = sourcecode.c.objc; path = Texture2D.m; sourceTree = "<group>"; };
		4B69685A0EF88644005376DB /* TGAlib.c */ = {isa = PBXFileReference; fileEncoding = 4; lastKnownFileType = sourcecode.c.c; path = TGAlib.c; sourceTree = "<group>"; };
		4B69685B0EF88644005376DB /* TGAlib.h */ = {isa = PBXFileReference; fileEncoding = 4; lastKnownFileType = sourcecode.c.h; path = TGAlib.h; sourceTree = "<group>"; };
		4B69685C0EF88644005376DB /* TextureAtlas.h */ = {isa = PBXFileReference; fileEncoding = 4; lastKnownFileType = sourcecode.c.h; path = TextureAtlas.h; sourceTree = "<group>"; };
		4B69685D0EF88644005376DB /* TextureAtlas.m */ = {isa = PBXFileReference; fileEncoding = 4; lastKnownFileType = sourcecode.c.objc; path = TextureAtlas.m; sourceTree = "<group>"; };
		4B69685E0EF88644005376DB /* TextureMgr.h */ = {isa = PBXFileReference; fileEncoding = 4; lastKnownFileType = sourcecode.c.h; path = TextureMgr.h; sourceTree = "<group>"; };
		4B69685F0EF88644005376DB /* TextureMgr.m */ = {isa = PBXFileReference; fileEncoding = 4; lastKnownFileType = sourcecode.c.objc; path = TextureMgr.m; sourceTree = "<group>"; };
		4B6968600EF88644005376DB /* TextureNode.h */ = {isa = PBXFileReference; fileEncoding = 4; lastKnownFileType = sourcecode.c.h; path = TextureNode.h; sourceTree = "<group>"; };
		4B6968610EF88644005376DB /* TextureNode.m */ = {isa = PBXFileReference; fileEncoding = 4; lastKnownFileType = sourcecode.c.objc; path = TextureNode.m; sourceTree = "<group>"; };
		4B6968620EF88644005376DB /* TileMapAtlas.h */ = {isa = PBXFileReference; fileEncoding = 4; lastKnownFileType = sourcecode.c.h; path = TileMapAtlas.h; sourceTree = "<group>"; };
		4B6968630EF88644005376DB /* TileMapAtlas.m */ = {isa = PBXFileReference; fileEncoding = 4; lastKnownFileType = sourcecode.c.objc; path = TileMapAtlas.m; sourceTree = "<group>"; };
		4B6968640EF88644005376DB /* Transition.h */ = {isa = PBXFileReference; fileEncoding = 4; lastKnownFileType = sourcecode.c.h; path = Transition.h; sourceTree = "<group>"; };
		4B6968650EF88644005376DB /* Transition.m */ = {isa = PBXFileReference; fileEncoding = 4; lastKnownFileType = sourcecode.c.objc; path = Transition.m; sourceTree = "<group>"; };
		4B6968660EF88644005376DB /* types.h */ = {isa = PBXFileReference; fileEncoding = 4; lastKnownFileType = sourcecode.c.h; path = types.h; sourceTree = "<group>"; };
		4B6969050EF88BE9005376DB /* OpenGLES.framework */ = {isa = PBXFileReference; lastKnownFileType = wrapper.framework; name = OpenGLES.framework; path = System/Library/Frameworks/OpenGLES.framework; sourceTree = SDKROOT; };
		4B6969090EF88BF0005376DB /* QuartzCore.framework */ = {isa = PBXFileReference; lastKnownFileType = wrapper.framework; name = QuartzCore.framework; path = System/Library/Frameworks/QuartzCore.framework; sourceTree = SDKROOT; };
		8D1107310486CEB800E47090 /* Info.plist */ = {isa = PBXFileReference; fileEncoding = 4; lastKnownFileType = text.plist.xml; path = Info.plist; sourceTree = "<group>"; };
/* End PBXFileReference section */

/* Begin PBXFrameworksBuildPhase section */
		1D60588F0D05DD3D006BFB54 /* Frameworks */ = {
			isa = PBXFrameworksBuildPhase;
			buildActionMask = 2147483647;
			files = (
				1D60589F0D05DD5A006BFB54 /* Foundation.framework in Frameworks */,
				1DF5F4E00D08C38300B7A737 /* UIKit.framework in Frameworks */,
				288765FD0DF74451002DB57D /* CoreGraphics.framework in Frameworks */,
				4B6969060EF88BE9005376DB /* OpenGLES.framework in Frameworks */,
				4B69690A0EF88BF0005376DB /* QuartzCore.framework in Frameworks */,
			);
			runOnlyForDeploymentPostprocessing = 0;
		};
/* End PBXFrameworksBuildPhase section */

/* Begin PBXGroup section */
		080E96DDFE201D6D7F000001 /* Classes */ = {
			isa = PBXGroup;
			children = (
				1D3623240D0F684500981E51 /* ___PROJECTNAMEASIDENTIFIER___AppDelegate.h */,
				1D3623250D0F684500981E51 /* ___PROJECTNAMEASIDENTIFIER___AppDelegate.m */,
			);
			path = Classes;
			sourceTree = "<group>";
		};
		19C28FACFE9D520D11CA2CBB /* Products */ = {
			isa = PBXGroup;
			children = (
				1D6058910D05DD3D006BFB54 /* ___PROJECTNAMEASIDENTIFIER___.app */,
			);
			name = Products;
			sourceTree = "<group>";
		};
		29B97314FDCFA39411CA2CEA /* CustomTemplate */ = {
			isa = PBXGroup;
			children = (
				080E96DDFE201D6D7F000001 /* Classes */,
				29B97315FDCFA39411CA2CEA /* Other Sources */,
				29B97317FDCFA39411CA2CEA /* Resources */,
				4B6968250EF88604005376DB /* Support */,
				29B97323FDCFA39411CA2CEA /* Frameworks */,
				19C28FACFE9D520D11CA2CBB /* Products */,
			);
			name = CustomTemplate;
			sourceTree = "<group>";
		};
		29B97315FDCFA39411CA2CEA /* Other Sources */ = {
			isa = PBXGroup;
			children = (
				32CA4F630368D1EE00C91783 /* ___PROJECTNAMEASIDENTIFIER____Prefix.pch */,
				29B97316FDCFA39411CA2CEA /* main.m */,
			);
			name = "Other Sources";
			sourceTree = "<group>";
		};
		29B97317FDCFA39411CA2CEA /* Resources */ = {
			isa = PBXGroup;
			children = (
				4B69681B0EF88577005376DB /* fps_images.png */,
				8D1107310486CEB800E47090 /* Info.plist */,
			);
			name = Resources;
			sourceTree = "<group>";
		};
		29B97323FDCFA39411CA2CEA /* Frameworks */ = {
			isa = PBXGroup;
			children = (
				4B6969050EF88BE9005376DB /* OpenGLES.framework */,
				4B6969090EF88BF0005376DB /* QuartzCore.framework */,
				1DF5F4DF0D08C38300B7A737 /* UIKit.framework */,
				1D30AB110D05D00D00671497 /* Foundation.framework */,
				288765FC0DF74451002DB57D /* CoreGraphics.framework */,
			);
			name = Frameworks;
			sourceTree = "<group>";
		};
		4B6967B90EF8827E005376DB /* Chipmunk */ = {
			isa = PBXGroup;
			children = (
				4B6967CA0EF8827E005376DB /* src */,
				4B6967BA0EF8827E005376DB /* chipmunk-docs.html */,
				4B6967C80EF8827E005376DB /* LICENSE.txt */,
				4B6967C90EF8827E005376DB /* README.txt */,
			);
			path = Chipmunk;
			sourceTree = "<group>";
		};
		4B6967CA0EF8827E005376DB /* src */ = {
			isa = PBXGroup;
			children = (
				4B6967CD0EF8827E005376DB /* CMakeLists.txt */,
				4B6967CB0EF8827E005376DB /* chipmunk.c */,
				4B6967CC0EF8827E005376DB /* chipmunk.h */,
				4B6967CE0EF8827E005376DB /* cpArbiter.c */,
				4B6967CF0EF8827E005376DB /* cpArbiter.h */,
				4B6967D00EF8827E005376DB /* cpArray.c */,
				4B6967D10EF8827E005376DB /* cpArray.h */,
				4B6967D20EF8827E005376DB /* cpBB.c */,
				4B6967D30EF8827E005376DB /* cpBB.h */,
				4B6967D40EF8827E005376DB /* cpBody.c */,
				4B6967D50EF8827E005376DB /* cpBody.h */,
				4B6967D60EF8827E005376DB /* cpCollision.c */,
				4B6967D70EF8827E005376DB /* cpCollision.h */,
				4B6967D80EF8827E005376DB /* cpHashSet.c */,
				4B6967D90EF8827E005376DB /* cpHashSet.h */,
				4B6967DA0EF8827E005376DB /* cpJoint.c */,
				4B6967DB0EF8827E005376DB /* cpJoint.h */,
				4B6967DC0EF8827E005376DB /* cpPolyShape.c */,
				4B6967DD0EF8827E005376DB /* cpPolyShape.h */,
				4B6967DE0EF8827E005376DB /* cpShape.c */,
				4B6967DF0EF8827E005376DB /* cpShape.h */,
				4B6967E00EF8827E005376DB /* cpSpace.c */,
				4B6967E10EF8827E005376DB /* cpSpace.h */,
				4B6967E20EF8827E005376DB /* cpSpaceHash.c */,
				4B6967E30EF8827E005376DB /* cpSpaceHash.h */,
				4B6967E40EF8827E005376DB /* cpVect.c */,
				4B6967E50EF8827E005376DB /* cpVect.h */,
				4B6967E60EF8827E005376DB /* prime.h */,
			);
			path = src;
			sourceTree = "<group>";
		};
		4B6968250EF88604005376DB /* Support */ = {
			isa = PBXGroup;
			children = (
				4B6967B90EF8827E005376DB /* Chipmunk */,
				4B6968290EF88643005376DB /* cocos2d */,
			);
			name = Support;
			sourceTree = "<group>";
		};
		4B6968290EF88643005376DB /* cocos2d */ = {
			isa = PBXGroup;
			children = (
				4B6968520EF88644005376DB /* Support */,
				4B69682A0EF88643005376DB /* Action.h */,
				4B69682B0EF88643005376DB /* Action.m */,
				4B69682C0EF88643005376DB /* AtlasNode.h */,
				4B69682D0EF88643005376DB /* AtlasNode.m */,
				4B69682E0EF88643005376DB /* Camera.h */,
				4B69682F0EF88643005376DB /* Camera.m */,
				4B6968300EF88643005376DB /* CameraAction.h */,
				4B6968310EF88644005376DB /* CameraAction.m */,
				4B6968320EF88644005376DB /* cocos2d.h */,
				4B6968330EF88644005376DB /* cocos2d.m */,
				4B6968340EF88644005376DB /* CocosNode.h */,
				4B6968350EF88644005376DB /* CocosNode.m */,
				4B6968360EF88644005376DB /* Director.h */,
				4B6968370EF88644005376DB /* Director.m */,
				4B6968380EF88644005376DB /* InstantAction.h */,
				4B6968390EF88644005376DB /* InstantAction.m */,
				4B69683A0EF88644005376DB /* IntervalAction.h */,
				4B69683B0EF88644005376DB /* IntervalAction.m */,
				4B69683C0EF88644005376DB /* Label.h */,
				4B69683D0EF88644005376DB /* Label.m */,
				4B69683E0EF88644005376DB /* LabelAtlas.h */,
				4B69683F0EF88644005376DB /* LabelAtlas.m */,
				4B6968400EF88644005376DB /* Layer.h */,
				4B6968410EF88644005376DB /* Layer.m */,
				4B6968420EF88644005376DB /* Menu.h */,
				4B6968430EF88644005376DB /* Menu.m */,
				4B6968440EF88644005376DB /* MenuItem.h */,
				4B6968450EF88644005376DB /* MenuItem.m */,
				4B6968460EF88644005376DB /* Particle.h */,
				4B6968470EF88644005376DB /* Particle.m */,
				4B6968480EF88644005376DB /* ParticleSystems.h */,
				4B6968490EF88644005376DB /* ParticleSystems.m */,
				4B69684A0EF88644005376DB /* Primitives.h */,
				4B69684B0EF88644005376DB /* Primitives.m */,
				4B69684C0EF88644005376DB /* Scene.h */,
				4B69684D0EF88644005376DB /* Scene.m */,
				4B69684E0EF88644005376DB /* Scheduler.h */,
				4B69684F0EF88644005376DB /* Scheduler.m */,
				4B6968500EF88644005376DB /* Sprite.h */,
				4B6968510EF88644005376DB /* Sprite.m */,
				4B69685C0EF88644005376DB /* TextureAtlas.h */,
				4B69685D0EF88644005376DB /* TextureAtlas.m */,
				4B69685E0EF88644005376DB /* TextureMgr.h */,
				4B69685F0EF88644005376DB /* TextureMgr.m */,
				4B6968600EF88644005376DB /* TextureNode.h */,
				4B6968610EF88644005376DB /* TextureNode.m */,
				4B6968620EF88644005376DB /* TileMapAtlas.h */,
				4B6968630EF88644005376DB /* TileMapAtlas.m */,
				4B6968640EF88644005376DB /* Transition.h */,
				4B6968650EF88644005376DB /* Transition.m */,
				4B6968660EF88644005376DB /* types.h */,
			);
			path = cocos2d;
			sourceTree = "<group>";
		};
		4B6968520EF88644005376DB /* Support */ = {
			isa = PBXGroup;
			children = (
				4B6968530EF88644005376DB /* EAGLView.h */,
				4B6968540EF88644005376DB /* EAGLView.m */,
				4B6968550EF88644005376DB /* glu.c */,
				4B6968560EF88644005376DB /* glu.h */,
				4B6968570EF88644005376DB /* OpenGL_Internal.h */,
				4B6968580EF88644005376DB /* Texture2D.h */,
				4B6968590EF88644005376DB /* Texture2D.m */,
				4B69685A0EF88644005376DB /* TGAlib.c */,
				4B69685B0EF88644005376DB /* TGAlib.h */,
			);
			path = Support;
			sourceTree = "<group>";
		};
/* End PBXGroup section */

/* Begin PBXNativeTarget section */
		1D6058900D05DD3D006BFB54 /* ___PROJECTNAMEASIDENTIFIER___ */ = {
			isa = PBXNativeTarget;
			buildConfigurationList = 1D6058960D05DD3E006BFB54 /* Build configuration list for PBXNativeTarget "___PROJECTNAMEASIDENTIFIER___" */;
			buildPhases = (
				1D60588D0D05DD3D006BFB54 /* Resources */,
				1D60588E0D05DD3D006BFB54 /* Sources */,
				1D60588F0D05DD3D006BFB54 /* Frameworks */,
			);
			buildRules = (
			);
			dependencies = (
			);
			name = ___PROJECTNAMEASIDENTIFIER___;
			productName = ___PROJECTNAMEASIDENTIFIER___;
			productReference = 1D6058910D05DD3D006BFB54 /* ___PROJECTNAMEASIDENTIFIER___.app */;
			productType = "com.apple.product-type.application";
		};
/* End PBXNativeTarget section */

/* Begin PBXProject section */
		29B97313FDCFA39411CA2CEA /* Project object */ = {
			isa = PBXProject;
			buildConfigurationList = C01FCF4E08A954540054247B /* Build configuration list for PBXProject "___PROJECTNAMEASIDENTIFIER___" */;
			compatibilityVersion = "Xcode 3.1";
			hasScannedForEncodings = 1;
			mainGroup = 29B97314FDCFA39411CA2CEA /* CustomTemplate */;
			projectDirPath = "";
			projectRoot = "";
			targets = (
				1D6058900D05DD3D006BFB54 /* ___PROJECTNAMEASIDENTIFIER___ */,
			);
		};
/* End PBXProject section */

/* Begin PBXResourcesBuildPhase section */
		1D60588D0D05DD3D006BFB54 /* Resources */ = {
			isa = PBXResourcesBuildPhase;
			buildActionMask = 2147483647;
			files = (
				4B6967E70EF8827E005376DB /* chipmunk-docs.html in Resources */,
				4B6967F30EF8827E005376DB /* LICENSE.txt in Resources */,
				4B6967F40EF8827E005376DB /* README.txt in Resources */,
				4B6967F60EF8827E005376DB /* CMakeLists.txt in Resources */,
				4B69681C0EF88577005376DB /* fps_images.png in Resources */,
			);
			runOnlyForDeploymentPostprocessing = 0;
		};
/* End PBXResourcesBuildPhase section */

/* Begin PBXSourcesBuildPhase section */
		1D60588E0D05DD3D006BFB54 /* Sources */ = {
			isa = PBXSourcesBuildPhase;
			buildActionMask = 2147483647;
			files = (
				1D60589B0D05DD56006BFB54 /* main.m in Sources */,
				1D3623260D0F684500981E51 /* ___PROJECTNAMEASIDENTIFIER___AppDelegate.m in Sources */,
				4B6967F50EF8827E005376DB /* chipmunk.c in Sources */,
				4B6967F70EF8827E005376DB /* cpArbiter.c in Sources */,
				4B6967F80EF8827E005376DB /* cpArray.c in Sources */,
				4B6967F90EF8827E005376DB /* cpBB.c in Sources */,
				4B6967FA0EF8827E005376DB /* cpBody.c in Sources */,
				4B6967FB0EF8827E005376DB /* cpCollision.c in Sources */,
				4B6967FC0EF8827E005376DB /* cpHashSet.c in Sources */,
				4B6967FD0EF8827E005376DB /* cpJoint.c in Sources */,
				4B6967FE0EF8827E005376DB /* cpPolyShape.c in Sources */,
				4B6967FF0EF8827E005376DB /* cpShape.c in Sources */,
				4B6968000EF8827E005376DB /* cpSpace.c in Sources */,
				4B6968010EF8827E005376DB /* cpSpaceHash.c in Sources */,
				4B6968020EF8827E005376DB /* cpVect.c in Sources */,
				4B6968670EF88644005376DB /* Action.m in Sources */,
				4B6968680EF88644005376DB /* AtlasNode.m in Sources */,
				4B6968690EF88644005376DB /* Camera.m in Sources */,
				4B69686A0EF88644005376DB /* CameraAction.m in Sources */,
				4B69686B0EF88644005376DB /* cocos2d.m in Sources */,
				4B69686C0EF88644005376DB /* CocosNode.m in Sources */,
				4B69686D0EF88644005376DB /* Director.m in Sources */,
				4B69686E0EF88644005376DB /* InstantAction.m in Sources */,
				4B69686F0EF88644005376DB /* IntervalAction.m in Sources */,
				4B6968700EF88644005376DB /* Label.m in Sources */,
				4B6968710EF88644005376DB /* LabelAtlas.m in Sources */,
				4B6968720EF88644005376DB /* Layer.m in Sources */,
				4B6968730EF88644005376DB /* Menu.m in Sources */,
				4B6968740EF88644005376DB /* MenuItem.m in Sources */,
				4B6968750EF88644005376DB /* Particle.m in Sources */,
				4B6968760EF88644005376DB /* ParticleSystems.m in Sources */,
				4B6968770EF88644005376DB /* Primitives.m in Sources */,
				4B6968780EF88644005376DB /* Scene.m in Sources */,
				4B6968790EF88644005376DB /* Scheduler.m in Sources */,
				4B69687A0EF88644005376DB /* Sprite.m in Sources */,
				4B69687B0EF88644005376DB /* EAGLView.m in Sources */,
				4B69687C0EF88644005376DB /* glu.c in Sources */,
				4B69687D0EF88644005376DB /* Texture2D.m in Sources */,
				4B69687E0EF88644005376DB /* TGAlib.c in Sources */,
				4B69687F0EF88644005376DB /* TextureAtlas.m in Sources */,
				4B6968800EF88644005376DB /* TextureMgr.m in Sources */,
				4B6968810EF88644005376DB /* TextureNode.m in Sources */,
				4B6968820EF88644005376DB /* TileMapAtlas.m in Sources */,
				4B6968830EF88644005376DB /* Transition.m in Sources */,
			);
			runOnlyForDeploymentPostprocessing = 0;
		};
/* End PBXSourcesBuildPhase section */

/* Begin XCBuildConfiguration section */
		1D6058940D05DD3E006BFB54 /* Debug */ = {
			isa = XCBuildConfiguration;
			buildSettings = {
				ALWAYS_SEARCH_USER_PATHS = NO;
				COPY_PHASE_STRIP = NO;
				GCC_DYNAMIC_NO_PIC = NO;
				GCC_OPTIMIZATION_LEVEL = 0;
				GCC_PRECOMPILE_PREFIX_HEADER = YES;
				GCC_PREFIX_HEADER = ___PROJECTNAMEASIDENTIFIER____Prefix.pch;
				INFOPLIST_FILE = Info.plist;
				PRODUCT_NAME = ___PROJECTNAMEASIDENTIFIER___;
			};
			name = Debug;
		};
		1D6058950D05DD3E006BFB54 /* Release */ = {
			isa = XCBuildConfiguration;
			buildSettings = {
				ALWAYS_SEARCH_USER_PATHS = NO;
				COPY_PHASE_STRIP = YES;
				GCC_PRECOMPILE_PREFIX_HEADER = YES;
				GCC_PREFIX_HEADER = ___PROJECTNAMEASIDENTIFIER____Prefix.pch;
				INFOPLIST_FILE = Info.plist;
				PRODUCT_NAME = ___PROJECTNAMEASIDENTIFIER___;
			};
			name = Release;
		};
		C01FCF4F08A954540054247B /* Debug */ = {
			isa = XCBuildConfiguration;
			buildSettings = {
				ARCHS = "$(ARCHS_STANDARD_32_BIT)";
				"CODE_SIGN_IDENTITY[sdk=iphoneos*]" = "iPhone Developer";
				GCC_C_LANGUAGE_STANDARD = c99;
				GCC_WARN_ABOUT_RETURN_TYPE = YES;
				GCC_WARN_UNUSED_VARIABLE = YES;
				ONLY_ACTIVE_ARCH = YES;
				PREBINDING = NO;
				SDKROOT = iphoneos2.2;
			};
			name = Debug;
		};
		C01FCF5008A954540054247B /* Release */ = {
			isa = XCBuildConfiguration;
			buildSettings = {
				ARCHS = "$(ARCHS_STANDARD_32_BIT)";
				"CODE_SIGN_IDENTITY[sdk=iphoneos*]" = "iPhone Developer";
				GCC_C_LANGUAGE_STANDARD = c99;
				GCC_WARN_ABOUT_RETURN_TYPE = YES;
				GCC_WARN_UNUSED_VARIABLE = YES;
				PREBINDING = NO;
				SDKROOT = iphoneos2.2;
			};
			name = Release;
		};
/* End XCBuildConfiguration section */

/* Begin XCConfigurationList section */
		1D6058960D05DD3E006BFB54 /* Build configuration list for PBXNativeTarget "___PROJECTNAMEASIDENTIFIER___" */ = {
			isa = XCConfigurationList;
			buildConfigurations = (
				1D6058940D05DD3E006BFB54 /* Debug */,
				1D6058950D05DD3E006BFB54 /* Release */,
			);
			defaultConfigurationIsVisible = 0;
			defaultConfigurationName = Release;
		};
		C01FCF4E08A954540054247B /* Build configuration list for PBXProject "___PROJECTNAMEASIDENTIFIER___" */ = {
			isa = XCConfigurationList;
			buildConfigurations = (
				C01FCF4F08A954540054247B /* Debug */,
				C01FCF5008A954540054247B /* Release */,
			);
			defaultConfigurationIsVisible = 0;
			defaultConfigurationName = Release;
		};
/* End XCConfigurationList section */
	};
	rootObject = 29B97313FDCFA39411CA2CEA /* Project object */;
}
